// !$*UTF8*$!
{
	archiveVersion = 1;
	classes = {
	};
	objectVersion = 50;
	objects = {

/* Begin PBXBuildFile section */
		3FF34F5D284E452200D6941C /* AppDelegate.swift in Sources */ = {isa = PBXBuildFile; fileRef = 3FF34F5C284E452200D6941C /* AppDelegate.swift */; };
		3FF34F5F284E452200D6941C /* SceneDelegate.swift in Sources */ = {isa = PBXBuildFile; fileRef = 3FF34F5E284E452200D6941C /* SceneDelegate.swift */; };
		3FF34F62284E452200D6941C /* LaboProjekt.xcdatamodeld in Sources */ = {isa = PBXBuildFile; fileRef = 3FF34F60284E452200D6941C /* LaboProjekt.xcdatamodeld */; };
		3FF34F64284E452200D6941C /* ContentView.swift in Sources */ = {isa = PBXBuildFile; fileRef = 3FF34F63284E452200D6941C /* ContentView.swift */; };
		3FF34F66284E452400D6941C /* Assets.xcassets in Resources */ = {isa = PBXBuildFile; fileRef = 3FF34F65284E452400D6941C /* Assets.xcassets */; };
		3FF34F69284E452400D6941C /* Preview Assets.xcassets in Resources */ = {isa = PBXBuildFile; fileRef = 3FF34F68284E452400D6941C /* Preview Assets.xcassets */; };
		3FF34F6C284E452400D6941C /* LaunchScreen.storyboard in Resources */ = {isa = PBXBuildFile; fileRef = 3FF34F6A284E452400D6941C /* LaunchScreen.storyboard */; };
		7594B3A52A3666FD009175F9 /* ClockView.swift in Sources */ = {isa = PBXBuildFile; fileRef = 7594B3A42A3666FC009175F9 /* ClockView.swift */; };
		75ECF4322A30646F0076358E /* Pomodoro+CoreDataClass.swift in Sources */ = {isa = PBXBuildFile; fileRef = 75ECF42E2A30646F0076358E /* Pomodoro+CoreDataClass.swift */; };
		75ECF4332A30646F0076358E /* Pomodoro+CoreDataProperties.swift in Sources */ = {isa = PBXBuildFile; fileRef = 75ECF42F2A30646F0076358E /* Pomodoro+CoreDataProperties.swift */; };
		75ECF4342A30646F0076358E /* Bloom+CoreDataClass.swift in Sources */ = {isa = PBXBuildFile; fileRef = 75ECF4302A30646F0076358E /* Bloom+CoreDataClass.swift */; };
		75ECF4352A30646F0076358E /* Bloom+CoreDataProperties.swift in Sources */ = {isa = PBXBuildFile; fileRef = 75ECF4312A30646F0076358E /* Bloom+CoreDataProperties.swift */; };
/* End PBXBuildFile section */

/* Begin PBXFileReference section */
		3FF34F59284E452200D6941C /* LaboProjekt.app */ = {isa = PBXFileReference; explicitFileType = wrapper.application; includeInIndex = 0; path = LaboProjekt.app; sourceTree = BUILT_PRODUCTS_DIR; };
		3FF34F5C284E452200D6941C /* AppDelegate.swift */ = {isa = PBXFileReference; lastKnownFileType = sourcecode.swift; path = AppDelegate.swift; sourceTree = "<group>"; };
		3FF34F5E284E452200D6941C /* SceneDelegate.swift */ = {isa = PBXFileReference; lastKnownFileType = sourcecode.swift; path = SceneDelegate.swift; sourceTree = "<group>"; };
		3FF34F61284E452200D6941C /* LaboProjekt.xcdatamodel */ = {isa = PBXFileReference; lastKnownFileType = wrapper.xcdatamodel; path = LaboProjekt.xcdatamodel; sourceTree = "<group>"; };
		3FF34F63284E452200D6941C /* ContentView.swift */ = {isa = PBXFileReference; lastKnownFileType = sourcecode.swift; path = ContentView.swift; sourceTree = "<group>"; };
		3FF34F65284E452400D6941C /* Assets.xcassets */ = {isa = PBXFileReference; lastKnownFileType = folder.assetcatalog; path = Assets.xcassets; sourceTree = "<group>"; };
		3FF34F68284E452400D6941C /* Preview Assets.xcassets */ = {isa = PBXFileReference; lastKnownFileType = folder.assetcatalog; path = "Preview Assets.xcassets"; sourceTree = "<group>"; };
		3FF34F6B284E452400D6941C /* Base */ = {isa = PBXFileReference; lastKnownFileType = file.storyboard; name = Base; path = Base.lproj/LaunchScreen.storyboard; sourceTree = "<group>"; };
		3FF34F6D284E452400D6941C /* Info.plist */ = {isa = PBXFileReference; lastKnownFileType = text.plist.xml; path = Info.plist; sourceTree = "<group>"; };
		7594B3A42A3666FC009175F9 /* ClockView.swift */ = {isa = PBXFileReference; lastKnownFileType = sourcecode.swift; path = ClockView.swift; sourceTree = "<group>"; };
		75ECF42E2A30646F0076358E /* Pomodoro+CoreDataClass.swift */ = {isa = PBXFileReference; lastKnownFileType = sourcecode.swift; path = "Pomodoro+CoreDataClass.swift"; sourceTree = "<group>"; };
		75ECF42F2A30646F0076358E /* Pomodoro+CoreDataProperties.swift */ = {isa = PBXFileReference; lastKnownFileType = sourcecode.swift; path = "Pomodoro+CoreDataProperties.swift"; sourceTree = "<group>"; };
		75ECF4302A30646F0076358E /* Bloom+CoreDataClass.swift */ = {isa = PBXFileReference; lastKnownFileType = sourcecode.swift; path = "Bloom+CoreDataClass.swift"; sourceTree = "<group>"; };
		75ECF4312A30646F0076358E /* Bloom+CoreDataProperties.swift */ = {isa = PBXFileReference; lastKnownFileType = sourcecode.swift; path = "Bloom+CoreDataProperties.swift"; sourceTree = "<group>"; };
/* End PBXFileReference section */

/* Begin PBXFrameworksBuildPhase section */
		3FF34F56284E452200D6941C /* Frameworks */ = {
			isa = PBXFrameworksBuildPhase;
			buildActionMask = 2147483647;
			files = (
			);
			runOnlyForDeploymentPostprocessing = 0;
		};
/* End PBXFrameworksBuildPhase section */

/* Begin PBXGroup section */
		3FF34F50284E452200D6941C = {
			isa = PBXGroup;
			children = (
				75ECF42E2A30646F0076358E /* Pomodoro+CoreDataClass.swift */,
				75ECF42F2A30646F0076358E /* Pomodoro+CoreDataProperties.swift */,
				75ECF4302A30646F0076358E /* Bloom+CoreDataClass.swift */,
				75ECF4312A30646F0076358E /* Bloom+CoreDataProperties.swift */,
				3FF34F5B284E452200D6941C /* LaboProjekt */,
				3FF34F5A284E452200D6941C /* Products */,
			);
			sourceTree = "<group>";
		};
		3FF34F5A284E452200D6941C /* Products */ = {
			isa = PBXGroup;
			children = (
				3FF34F59284E452200D6941C /* LaboProjekt.app */,
			);
			name = Products;
			sourceTree = "<group>";
		};
		3FF34F5B284E452200D6941C /* LaboProjekt */ = {
			isa = PBXGroup;
			children = (
				3FF34F5C284E452200D6941C /* AppDelegate.swift */,
				3FF34F5E284E452200D6941C /* SceneDelegate.swift */,
				3FF34F63284E452200D6941C /* ContentView.swift */,
				7594B3A42A3666FC009175F9 /* ClockView.swift */,
				3FF34F65284E452400D6941C /* Assets.xcassets */,
				3FF34F6A284E452400D6941C /* LaunchScreen.storyboard */,
				3FF34F6D284E452400D6941C /* Info.plist */,
				3FF34F60284E452200D6941C /* LaboProjekt.xcdatamodeld */,
				3FF34F67284E452400D6941C /* Preview Content */,
			);
			path = LaboProjekt;
			sourceTree = "<group>";
		};
		3FF34F67284E452400D6941C /* Preview Content */ = {
			isa = PBXGroup;
			children = (
				3FF34F68284E452400D6941C /* Preview Assets.xcassets */,
			);
			path = "Preview Content";
			sourceTree = "<group>";
		};
/* End PBXGroup section */

/* Begin PBXNativeTarget section */
		3FF34F58284E452200D6941C /* LaboProjekt */ = {
			isa = PBXNativeTarget;
			buildConfigurationList = 3FF34F70284E452400D6941C /* Build configuration list for PBXNativeTarget "LaboProjekt" */;
			buildPhases = (
				3FF34F55284E452200D6941C /* Sources */,
				3FF34F56284E452200D6941C /* Frameworks */,
				3FF34F57284E452200D6941C /* Resources */,
			);
			buildRules = (
			);
			dependencies = (
			);
			name = LaboProjekt;
			productName = LaboProjekt;
			productReference = 3FF34F59284E452200D6941C /* LaboProjekt.app */;
			productType = "com.apple.product-type.application";
		};
/* End PBXNativeTarget section */

/* Begin PBXProject section */
		3FF34F51284E452200D6941C /* Project object */ = {
			isa = PBXProject;
			attributes = {
				LastSwiftUpdateCheck = 1130;
				LastUpgradeCheck = 1130;
				ORGANIZATIONNAME = student;
				TargetAttributes = {
					3FF34F58284E452200D6941C = {
						CreatedOnToolsVersion = 11.3.1;
					};
				};
			};
			buildConfigurationList = 3FF34F54284E452200D6941C /* Build configuration list for PBXProject "LaboProjekt" */;
			compatibilityVersion = "Xcode 9.3";
			developmentRegion = en;
			hasScannedForEncodings = 0;
			knownRegions = (
				en,
				Base,
			);
			mainGroup = 3FF34F50284E452200D6941C;
			productRefGroup = 3FF34F5A284E452200D6941C /* Products */;
			projectDirPath = "";
			projectRoot = "";
			targets = (
				3FF34F58284E452200D6941C /* LaboProjekt */,
			);
		};
/* End PBXProject section */

/* Begin PBXResourcesBuildPhase section */
		3FF34F57284E452200D6941C /* Resources */ = {
			isa = PBXResourcesBuildPhase;
			buildActionMask = 2147483647;
			files = (
				3FF34F6C284E452400D6941C /* LaunchScreen.storyboard in Resources */,
				3FF34F69284E452400D6941C /* Preview Assets.xcassets in Resources */,
				3FF34F66284E452400D6941C /* Assets.xcassets in Resources */,
			);
			runOnlyForDeploymentPostprocessing = 0;
		};
/* End PBXResourcesBuildPhase section */

/* Begin PBXSourcesBuildPhase section */
		3FF34F55284E452200D6941C /* Sources */ = {
			isa = PBXSourcesBuildPhase;
			buildActionMask = 2147483647;
			files = (
				3FF34F5D284E452200D6941C /* AppDelegate.swift in Sources */,
				7594B3A52A3666FD009175F9 /* ClockView.swift in Sources */,
				75ECF4332A30646F0076358E /* Pomodoro+CoreDataProperties.swift in Sources */,
				75ECF4342A30646F0076358E /* Bloom+CoreDataClass.swift in Sources */,
				75ECF4322A30646F0076358E /* Pomodoro+CoreDataClass.swift in Sources */,
				3FF34F5F284E452200D6941C /* SceneDelegate.swift in Sources */,
				3FF34F64284E452200D6941C /* ContentView.swift in Sources */,
				75ECF4352A30646F0076358E /* Bloom+CoreDataProperties.swift in Sources */,
				3FF34F62284E452200D6941C /* LaboProjekt.xcdatamodeld in Sources */,
			);
			runOnlyForDeploymentPostprocessing = 0;
		};
/* End PBXSourcesBuildPhase section */

/* Begin PBXVariantGroup section */
		3FF34F6A284E452400D6941C /* LaunchScreen.storyboard */ = {
			isa = PBXVariantGroup;
			children = (
				3FF34F6B284E452400D6941C /* Base */,
			);
			name = LaunchScreen.storyboard;
			sourceTree = "<group>";
		};
/* End PBXVariantGroup section */

/* Begin XCBuildConfiguration section */
		3FF34F6E284E452400D6941C /* Debug */ = {
			isa = XCBuildConfiguration;
			buildSettings = {
				ALWAYS_SEARCH_USER_PATHS = NO;
				CLANG_ANALYZER_NONNULL = YES;
				CLANG_ANALYZER_NUMBER_OBJECT_CONVERSION = YES_AGGRESSIVE;
				CLANG_CXX_LANGUAGE_STANDARD = "gnu++14";
				CLANG_CXX_LIBRARY = "libc++";
				CLANG_ENABLE_MODULES = YES;
				CLANG_ENABLE_OBJC_ARC = YES;
				CLANG_ENABLE_OBJC_WEAK = YES;
				CLANG_WARN_BLOCK_CAPTURE_AUTORELEASING = YES;
				CLANG_WARN_BOOL_CONVERSION = YES;
				CLANG_WARN_COMMA = YES;
				CLANG_WARN_CONSTANT_CONVERSION = YES;
				CLANG_WARN_DEPRECATED_OBJC_IMPLEMENTATIONS = YES;
				CLANG_WARN_DIRECT_OBJC_ISA_USAGE = YES_ERROR;
				CLANG_WARN_DOCUMENTATION_COMMENTS = YES;
				CLANG_WARN_EMPTY_BODY = YES;
				CLANG_WARN_ENUM_CONVERSION = YES;
				CLANG_WARN_INFINITE_RECURSION = YES;
				CLANG_WARN_INT_CONVERSION = YES;
				CLANG_WARN_NON_LITERAL_NULL_CONVERSION = YES;
				CLANG_WARN_OBJC_IMPLICIT_RETAIN_SELF = YES;
				CLANG_WARN_OBJC_LITERAL_CONVERSION = YES;
				CLANG_WARN_OBJC_ROOT_CLASS = YES_ERROR;
				CLANG_WARN_RANGE_LOOP_ANALYSIS = YES;
				CLANG_WARN_STRICT_PROTOTYPES = YES;
				CLANG_WARN_SUSPICIOUS_MOVE = YES;
				CLANG_WARN_UNGUARDED_AVAILABILITY = YES_AGGRESSIVE;
				CLANG_WARN_UNREACHABLE_CODE = YES;
				CLANG_WARN__DUPLICATE_METHOD_MATCH = YES;
				COPY_PHASE_STRIP = NO;
				DEBUG_INFORMATION_FORMAT = dwarf;
				ENABLE_STRICT_OBJC_MSGSEND = YES;
				ENABLE_TESTABILITY = YES;
				GCC_C_LANGUAGE_STANDARD = gnu11;
				GCC_DYNAMIC_NO_PIC = NO;
				GCC_NO_COMMON_BLOCKS = YES;
				GCC_OPTIMIZATION_LEVEL = 0;
				GCC_PREPROCESSOR_DEFINITIONS = (
					"DEBUG=1",
					"$(inherited)",
				);
				GCC_WARN_64_TO_32_BIT_CONVERSION = YES;
				GCC_WARN_ABOUT_RETURN_TYPE = YES_ERROR;
				GCC_WARN_UNDECLARED_SELECTOR = YES;
				GCC_WARN_UNINITIALIZED_AUTOS = YES_AGGRESSIVE;
				GCC_WARN_UNUSED_FUNCTION = YES;
				GCC_WARN_UNUSED_VARIABLE = YES;
				IPHONEOS_DEPLOYMENT_TARGET = 13.2;
				MTL_ENABLE_DEBUG_INFO = INCLUDE_SOURCE;
				MTL_FAST_MATH = YES;
				ONLY_ACTIVE_ARCH = YES;
				SDKROOT = iphoneos;
				SWIFT_ACTIVE_COMPILATION_CONDITIONS = DEBUG;
				SWIFT_OPTIMIZATION_LEVEL = "-Onone";
			};
			name = Debug;
		};
		3FF34F6F284E452400D6941C /* Release */ = {
			isa = XCBuildConfiguration;
			buildSettings = {
				ALWAYS_SEARCH_USER_PATHS = NO;
				CLANG_ANALYZER_NONNULL = YES;
				CLANG_ANALYZER_NUMBER_OBJECT_CONVERSION = YES_AGGRESSIVE;
				CLANG_CXX_LANGUAGE_STANDARD = "gnu++14";
				CLANG_CXX_LIBRARY = "libc++";
				CLANG_ENABLE_MODULES = YES;
				CLANG_ENABLE_OBJC_ARC = YES;
				CLANG_ENABLE_OBJC_WEAK = YES;
				CLANG_WARN_BLOCK_CAPTURE_AUTORELEASING = YES;
				CLANG_WARN_BOOL_CONVERSION = YES;
				CLANG_WARN_COMMA = YES;
				CLANG_WARN_CONSTANT_CONVERSION = YES;
				CLANG_WARN_DEPRECATED_OBJC_IMPLEMENTATIONS = YES;
				CLANG_WARN_DIRECT_OBJC_ISA_USAGE = YES_ERROR;
				CLANG_WARN_DOCUMENTATION_COMMENTS = YES;
				CLANG_WARN_EMPTY_BODY = YES;
				CLANG_WARN_ENUM_CONVERSION = YES;
				CLANG_WARN_INFINITE_RECURSION = YES;
				CLANG_WARN_INT_CONVERSION = YES;
				CLANG_WARN_NON_LITERAL_NULL_CONVERSION = YES;
				CLANG_WARN_OBJC_IMPLICIT_RETAIN_SELF = YES;
				CLANG_WARN_OBJC_LITERAL_CONVERSION = YES;
				CLANG_WARN_OBJC_ROOT_CLASS = YES_ERROR;
				CLANG_WARN_RANGE_LOOP_ANALYSIS = YES;
				CLANG_WARN_STRICT_PROTOTYPES = YES;
				CLANG_WARN_SUSPICIOUS_MOVE = YES;
				CLANG_WARN_UNGUARDED_AVAILABILITY = YES_AGGRESSIVE;
				CLANG_WARN_UNREACHABLE_CODE = YES;
				CLANG_WARN__DUPLICATE_METHOD_MATCH = YES;
				COPY_PHASE_STRIP = NO;
				DEBUG_INFORMATION_FORMAT = "dwarf-with-dsym";
				ENABLE_NS_ASSERTIONS = NO;
				ENABLE_STRICT_OBJC_MSGSEND = YES;
				GCC_C_LANGUAGE_STANDARD = gnu11;
				GCC_NO_COMMON_BLOCKS = YES;
				GCC_WARN_64_TO_32_BIT_CONVERSION = YES;
				GCC_WARN_ABOUT_RETURN_TYPE = YES_ERROR;
				GCC_WARN_UNDECLARED_SELECTOR = YES;
				GCC_WARN_UNINITIALIZED_AUTOS = YES_AGGRESSIVE;
				GCC_WARN_UNUSED_FUNCTION = YES;
				GCC_WARN_UNUSED_VARIABLE = YES;
				IPHONEOS_DEPLOYMENT_TARGET = 13.2;
				MTL_ENABLE_DEBUG_INFO = NO;
				MTL_FAST_MATH = YES;
				SDKROOT = iphoneos;
				SWIFT_COMPILATION_MODE = wholemodule;
				SWIFT_OPTIMIZATION_LEVEL = "-O";
				VALIDATE_PRODUCT = YES;
			};
			name = Release;
		};
		3FF34F71284E452400D6941C /* Debug */ = {
			isa = XCBuildConfiguration;
			buildSettings = {
				ASSETCATALOG_COMPILER_APPICON_NAME = AppIcon;
				CODE_SIGN_STYLE = Automatic;
				DEVELOPMENT_ASSET_PATHS = "\"LaboProjekt/Preview Content\"";
				ENABLE_PREVIEWS = YES;
				INFOPLIST_FILE = LaboProjekt/Info.plist;
				LD_RUNPATH_SEARCH_PATHS = (
					"$(inherited)",
					"@executable_path/Frameworks",
				);
				PRODUCT_BUNDLE_IDENTIFIER = PL.LaboProjekt;
				PRODUCT_NAME = "$(TARGET_NAME)";
				SWIFT_VERSION = 5.0;
				TARGETED_DEVICE_FAMILY = "1,2";
			};
			name = Debug;
		};
		3FF34F72284E452400D6941C /* Release */ = {
			isa = XCBuildConfiguration;
			buildSettings = {
				ASSETCATALOG_COMPILER_APPICON_NAME = AppIcon;
				CODE_SIGN_STYLE = Automatic;
				DEVELOPMENT_ASSET_PATHS = "\"LaboProjekt/Preview Content\"";
				ENABLE_PREVIEWS = YES;
				INFOPLIST_FILE = LaboProjekt/Info.plist;
				LD_RUNPATH_SEARCH_PATHS = (
					"$(inherited)",
					"@executable_path/Frameworks",
				);
				PRODUCT_BUNDLE_IDENTIFIER = PL.LaboProjekt;
				PRODUCT_NAME = "$(TARGET_NAME)";
				SWIFT_VERSION = 5.0;
				TARGETED_DEVICE_FAMILY = "1,2";
			};
			name = Release;
		};
/* End XCBuildConfiguration section */

/* Begin XCConfigurationList section */
		3FF34F54284E452200D6941C /* Build configuration list for PBXProject "LaboProjekt" */ = {
			isa = XCConfigurationList;
			buildConfigurations = (
				3FF34F6E284E452400D6941C /* Debug */,
				3FF34F6F284E452400D6941C /* Release */,
			);
			defaultConfigurationIsVisible = 0;
			defaultConfigurationName = Release;
		};
		3FF34F70284E452400D6941C /* Build configuration list for PBXNativeTarget "LaboProjekt" */ = {
			isa = XCConfigurationList;
			buildConfigurations = (
				3FF34F71284E452400D6941C /* Debug */,
				3FF34F72284E452400D6941C /* Release */,
			);
			defaultConfigurationIsVisible = 0;
			defaultConfigurationName = Release;
		};
/* End XCConfigurationList section */

/* Begin XCVersionGroup section */
		3FF34F60284E452200D6941C /* LaboProjekt.xcdatamodeld */ = {
			isa = XCVersionGroup;
			children = (
				3FF34F61284E452200D6941C /* LaboProjekt.xcdatamodel */,
			);
			currentVersion = 3FF34F61284E452200D6941C /* LaboProjekt.xcdatamodel */;
			path = LaboProjekt.xcdatamodeld;
			sourceTree = "<group>";
			versionGroupType = wrapper.xcdatamodel;
		};
/* End XCVersionGroup section */
	};
	rootObject = 3FF34F51284E452200D6941C /* Project object */;
}
